
Microsoft Visual Studio Solution File, Format Version 12.00
# Visual Studio Version 17
VisualStudioVersion = 17.0.31903.59
MinimumVisualStudioVersion = 10.0.40219.1
Project("{FAE04EC0-301F-11D3-BF4B-00C04F79EFBC}") = "StitchLens.Web", "StitchLens.Web\StitchLens.Web.csproj", "{37546EE2-8609-4573-BB33-D45E767D6C6B}"
EndProject
Project("{FAE04EC0-301F-11D3-BF4B-00C04F79EFBC}") = "StitchLens.Core", "StitchLens.Core\StitchLens.Core.csproj", "{707C9029-55D0-4879-B6A3-4A7ACBAC8E2E}"
EndProject
Project("{FAE04EC0-301F-11D3-BF4B-00C04F79EFBC}") = "StitchLens.Data", "StitchLens.Data\StitchLens.Data.csproj", "{79B3DCB1-67A4-448F-A99C-92645D852BDE}"
EndProject
Project("{2150E333-8FDC-42A3-9474-1A3956D46DE8}") = "Solution Items", "Solution Items", "{8EC462FD-D22E-90A8-E5CE-7E832BA40C5D}"
	ProjectSection(SolutionItems) = preProject
		.gitattributes = .gitattributes
		.gitignore = .gitignore
		README.md = README.md
	EndProjectSection
EndProject
Global
	GlobalSection(SolutionConfigurationPlatforms) = preSolution
		Debug|Any CPU = Debug|Any CPU
		Debug|x64 = Debug|x64
		Debug|x86 = Debug|x86
		Release|Any CPU = Release|Any CPU
		Release|x64 = Release|x64
		Release|x86 = Release|x86
	EndGlobalSection
	GlobalSection(ProjectConfigurationPlatforms) = postSolution
		{37546EE2-8609-4573-BB33-D45E767D6C6B}.Debug|Any CPU.ActiveCfg = Debug|Any CPU
		{37546EE2-8609-4573-BB33-D45E767D6C6B}.Debug|Any CPU.Build.0 = Debug|Any CPU
		{37546EE2-8609-4573-BB33-D45E767D6C6B}.Debug|x64.ActiveCfg = Debug|Any CPU
		{37546EE2-8609-4573-BB33-D45E767D6C6B}.Debug|x64.Build.0 = Debug|Any CPU
		{37546EE2-8609-4573-BB33-D45E767D6C6B}.Debug|x86.ActiveCfg = Debug|Any CPU
		{37546EE2-8609-4573-BB33-D45E767D6C6B}.Debug|x86.Build.0 = Debug|Any CPU
		{37546EE2-8609-4573-BB33-D45E767D6C6B}.Release|Any CPU.ActiveCfg = Release|Any CPU
		{37546EE2-8609-4573-BB33-D45E767D6C6B}.Release|Any CPU.Build.0 = Release|Any CPU
		{37546EE2-8609-4573-BB33-D45E767D6C6B}.Release|x64.ActiveCfg = Release|Any CPU
		{37546EE2-8609-4573-BB33-D45E767D6C6B}.Release|x64.Build.0 = Release|Any CPU
		{37546EE2-8609-4573-BB33-D45E767D6C6B}.Release|x86.ActiveCfg = Release|Any CPU
		{37546EE2-8609-4573-BB33-D45E767D6C6B}.Release|x86.Build.0 = Release|Any CPU
		{707C9029-55D0-4879-B6A3-4A7ACBAC8E2E}.Debug|Any CPU.ActiveCfg = Debug|Any CPU
		{707C9029-55D0-4879-B6A3-4A7ACBAC8E2E}.Debug|Any CPU.Build.0 = Debug|Any CPU
		{707C9029-55D0-4879-B6A3-4A7ACBAC8E2E}.Debug|x64.ActiveCfg = Debug|Any CPU
		{707C9029-55D0-4879-B6A3-4A7ACBAC8E2E}.Debug|x64.Build.0 = Debug|Any CPU
		{707C9029-55D0-4879-B6A3-4A7ACBAC8E2E}.Debug|x86.ActiveCfg = Debug|Any CPU
		{707C9029-55D0-4879-B6A3-4A7ACBAC8E2E}.Debug|x86.Build.0 = Debug|Any CPU
		{707C9029-55D0-4879-B6A3-4A7ACBAC8E2E}.Release|Any CPU.ActiveCfg = Release|Any CPU
		{707C9029-55D0-4879-B6A3-4A7ACBAC8E2E}.Release|Any CPU.Build.0 = Release|Any CPU
		{707C9029-55D0-4879-B6A3-4A7ACBAC8E2E}.Release|x64.ActiveCfg = Release|Any CPU
		{707C9029-55D0-4879-B6A3-4A7ACBAC8E2E}.Release|x64.Build.0 = Release|Any CPU
		{707C9029-55D0-4879-B6A3-4A7ACBAC8E2E}.Release|x86.ActiveCfg = Release|Any CPU
		{707C9029-55D0-4879-B6A3-4A7ACBAC8E2E}.Release|x86.Build.0 = Release|Any CPU
		{79B3DCB1-67A4-448F-A99C-92645D852BDE}.Debug|Any CPU.ActiveCfg = Debug|Any CPU
		{79B3DCB1-67A4-448F-A99C-92645D852BDE}.Debug|Any CPU.Build.0 = Debug|Any CPU
		{79B3DCB1-67A4-448F-A99C-92645D852BDE}.Debug|x64.ActiveCfg = Debug|Any CPU
		{79B3DCB1-67A4-448F-A99C-92645D852BDE}.Debug|x64.Build.0 = Debug|Any CPU
		{79B3DCB1-67A4-448F-A99C-92645D852BDE}.Debug|x86.ActiveCfg = Debug|Any CPU
		{79B3DCB1-67A4-448F-A99C-92645D852BDE}.Debug|x86.Build.0 = Debug|Any CPU
		{79B3DCB1-67A4-448F-A99C-92645D852BDE}.Release|Any CPU.ActiveCfg = Release|Any CPU
		{79B3DCB1-67A4-448F-A99C-92645D852BDE}.Release|Any CPU.Build.0 = Release|Any CPU
		{79B3DCB1-67A4-448F-A99C-92645D852BDE}.Release|x64.ActiveCfg = Release|Any CPU
		{79B3DCB1-67A4-448F-A99C-92645D852BDE}.Release|x64.Build.0 = Release|Any CPU
		{79B3DCB1-67A4-448F-A99C-92645D852BDE}.Release|x86.ActiveCfg = Release|Any CPU
		{79B3DCB1-67A4-448F-A99C-92645D852BDE}.Release|x86.Build.0 = Release|Any CPU
	EndGlobalSection
	GlobalSection(SolutionProperties) = preSolution
		HideSolutionNode = FALSE
	EndGlobalSection
	GlobalSection(ExtensibilityGlobals) = postSolution
		SolutionGuid = {93F68916-D89A-488D-AB39-894CA4E404A2}
	EndGlobalSection
EndGlobal
